
Microsoft Visual Studio Solution File, Format Version 12.00
# Visual Studio Version 17
VisualStudioVersion = 17.7.34221.43
MinimumVisualStudioVersion = 10.0.40219.1
Project("{9A19103F-16F7-4668-BE54-9A1E7A4F7556}") = "RabbitMq.Publisher", "RabbitMq.Publisher\RabbitMq.Publisher.csproj", "{7F5D706F-85BC-4E35-BC8E-AE8EB35B222F}"
EndProject
Project("{9A19103F-16F7-4668-BE54-9A1E7A4F7556}") = "RabbitMq.Subscriber", "RabbitMq.Subscriber\RabbitMq.Subscriber.csproj", "{C78409F0-DAB7-4573-91C5-0968A94DC5A7}"
EndProject
Project("{9A19103F-16F7-4668-BE54-9A1E7A4F7556}") = "RabbitMq.Watermark", "RabbitMq.Watermark\RabbitMq.Watermark.csproj", "{3A2271E6-D9F1-420C-8FFC-B4D6F3AEBBB8}"
EndProject
Project("{9A19103F-16F7-4668-BE54-9A1E7A4F7556}") = "RabbitMq.Excel", "RabbitMq.Excel\RabbitMq.Excel.csproj", "{B1EE314E-CA72-4A50-A9E9-C08D7BE14FC0}"
EndProject
Project("{9A19103F-16F7-4668-BE54-9A1E7A4F7556}") = "SharedLibrary", "SharedLibrary\SharedLibrary.csproj", "{EDB41C57-861B-4C20-AB3B-AB2331B2D45A}"
EndProject
Project("{9A19103F-16F7-4668-BE54-9A1E7A4F7556}") = "FileCreaterWorkerService", "FileCreaterWorkerService\FileCreaterWorkerService.csproj", "{877E47AD-3F4B-47E9-BF47-0F8BC0417C43}"
EndProject
Project("{FAE04EC0-301F-11D3-BF4B-00C04F79EFBC}") = "Subscriber2", "Subscriber2\Subscriber2.csproj", "{400196F7-0832-4E59-9358-67173E29B671}"
EndProject
Project("{FAE04EC0-301F-11D3-BF4B-00C04F79EFBC}") = "Subscriber3", "Subscriber3\Subscriber3.csproj", "{ABED1098-68C3-4F2F-87FE-B2C65AE739C8}"
EndProject
Global
	GlobalSection(SolutionConfigurationPlatforms) = preSolution
		Debug|Any CPU = Debug|Any CPU
		Release|Any CPU = Release|Any CPU
	EndGlobalSection
	GlobalSection(ProjectConfigurationPlatforms) = postSolution
		{7F5D706F-85BC-4E35-BC8E-AE8EB35B222F}.Debug|Any CPU.ActiveCfg = Debug|Any CPU
		{7F5D706F-85BC-4E35-BC8E-AE8EB35B222F}.Debug|Any CPU.Build.0 = Debug|Any CPU
		{7F5D706F-85BC-4E35-BC8E-AE8EB35B222F}.Release|Any CPU.ActiveCfg = Release|Any CPU
		{7F5D706F-85BC-4E35-BC8E-AE8EB35B222F}.Release|Any CPU.Build.0 = Release|Any CPU
		{C78409F0-DAB7-4573-91C5-0968A94DC5A7}.Debug|Any CPU.ActiveCfg = Debug|Any CPU
		{C78409F0-DAB7-4573-91C5-0968A94DC5A7}.Debug|Any CPU.Build.0 = Debug|Any CPU
		{C78409F0-DAB7-4573-91C5-0968A94DC5A7}.Release|Any CPU.ActiveCfg = Release|Any CPU
		{C78409F0-DAB7-4573-91C5-0968A94DC5A7}.Release|Any CPU.Build.0 = Release|Any CPU
		{3A2271E6-D9F1-420C-8FFC-B4D6F3AEBBB8}.Debug|Any CPU.ActiveCfg = Debug|Any CPU
		{3A2271E6-D9F1-420C-8FFC-B4D6F3AEBBB8}.Debug|Any CPU.Build.0 = Debug|Any CPU
		{3A2271E6-D9F1-420C-8FFC-B4D6F3AEBBB8}.Release|Any CPU.ActiveCfg = Release|Any CPU
		{3A2271E6-D9F1-420C-8FFC-B4D6F3AEBBB8}.Release|Any CPU.Build.0 = Release|Any CPU
		{B1EE314E-CA72-4A50-A9E9-C08D7BE14FC0}.Debug|Any CPU.ActiveCfg = Debug|Any CPU
		{B1EE314E-CA72-4A50-A9E9-C08D7BE14FC0}.Debug|Any CPU.Build.0 = Debug|Any CPU
		{B1EE314E-CA72-4A50-A9E9-C08D7BE14FC0}.Release|Any CPU.ActiveCfg = Release|Any CPU
		{B1EE314E-CA72-4A50-A9E9-C08D7BE14FC0}.Release|Any CPU.Build.0 = Release|Any CPU
		{EDB41C57-861B-4C20-AB3B-AB2331B2D45A}.Debug|Any CPU.ActiveCfg = Debug|Any CPU
		{EDB41C57-861B-4C20-AB3B-AB2331B2D45A}.Debug|Any CPU.Build.0 = Debug|Any CPU
		{EDB41C57-861B-4C20-AB3B-AB2331B2D45A}.Release|Any CPU.ActiveCfg = Release|Any CPU
		{EDB41C57-861B-4C20-AB3B-AB2331B2D45A}.Release|Any CPU.Build.0 = Release|Any CPU
		{877E47AD-3F4B-47E9-BF47-0F8BC0417C43}.Debug|Any CPU.ActiveCfg = Debug|Any CPU
		{877E47AD-3F4B-47E9-BF47-0F8BC0417C43}.Debug|Any CPU.Build.0 = Debug|Any CPU
		{877E47AD-3F4B-47E9-BF47-0F8BC0417C43}.Release|Any CPU.ActiveCfg = Release|Any CPU
		{877E47AD-3F4B-47E9-BF47-0F8BC0417C43}.Release|Any CPU.Build.0 = Release|Any CPU
		{400196F7-0832-4E59-9358-67173E29B671}.Debug|Any CPU.ActiveCfg = Debug|Any CPU
		{400196F7-0832-4E59-9358-67173E29B671}.Debug|Any CPU.Build.0 = Debug|Any CPU
		{400196F7-0832-4E59-9358-67173E29B671}.Release|Any CPU.ActiveCfg = Release|Any CPU
		{400196F7-0832-4E59-9358-67173E29B671}.Release|Any CPU.Build.0 = Release|Any CPU
		{ABED1098-68C3-4F2F-87FE-B2C65AE739C8}.Debug|Any CPU.ActiveCfg = Debug|Any CPU
		{ABED1098-68C3-4F2F-87FE-B2C65AE739C8}.Debug|Any CPU.Build.0 = Debug|Any CPU
		{ABED1098-68C3-4F2F-87FE-B2C65AE739C8}.Release|Any CPU.ActiveCfg = Release|Any CPU
		{ABED1098-68C3-4F2F-87FE-B2C65AE739C8}.Release|Any CPU.Build.0 = Release|Any CPU
	EndGlobalSection
	GlobalSection(SolutionProperties) = preSolution
		HideSolutionNode = FALSE
	EndGlobalSection
	GlobalSection(ExtensibilityGlobals) = postSolution
		SolutionGuid = {F15DF8A2-F4EE-4317-80CE-A87BC4A4F601}
	EndGlobalSection
EndGlobal
